github.com/golang-jwt/jwt v3.2.1+incompatible h1:73Z+4BJcrTC+KczS6WvTPvRGOp1WmfEP4Q1lOd9Z/+c=
github.com/golang-jwt/jwt v3.2.1+incompatible/go.mod h1:8pz2t5EyA70fFQQSrl6XZXzqecmYZeUEB8OUGHkxJ+I=
github.com/golang-jwt/jwt/v4 v4.0.0 h1:RAqyYixv1p7uEnocuy8P1nru5wprCh/MH2BIlW5z5/o=
github.com/golang-jwt/jwt/v4 v4.0.0/go.mod h1:/xlHOz8bRuivTWchD4jCa+NbatV+wEUSzwAxVc6locg=
github.com/nicklaw5/helix v1.25.0 h1:Mrz537izZVsGdM3I46uGAAlslj61frgkhS/9xQqyT/M=
github.com/nicklaw5/helix v1.25.0/go.mod h1:yvXZFapT6afIoxnAvlWiJiUMsYnoHl7tNs+t0bloAMw=
github.com/satont/go-helix/v2 v2.7.9 h1:9biJ87Pz1G/j7q6IcVO2cud4lNTzx0+9XsTix5wEB1E=
github.com/satont/go-helix/v2 v2.7.9/go.mod h1:n+LtoPqn0XQ0bi/gysYBMn4pMX+hSxFeWJ67WlZ7emM=
