github.com/Masterminds/semver/v3 v3.1.1 h1:hLg3sBzpNErnxhQtUy/mmLR2I9foDujNK030IGemrRc=
github.com/SherlockYigit/youtube-go v1.0.0 h1:/GnStyJGlEcRCt/+D9sVhhY4288+wKcXUJfMKb7NXxE=
github.com/SherlockYigit/youtube-go v1.0.0/go.mod h1:MsnPpZ9QQSV4/+s1idsMR7SLBpzVf3MbkPvr3v9+5OY=
github.com/benbjohnson/clock v1.3.0 h1:ip6w0uFQkncKQ979AypyG0ER7mqUSBdKLOgAle/AT8A=
github.com/beorn7/perks v1.0.1 h1:VlbKKnNfV8bJzeqoa4cOKqO6bYr3WgKZxO8Z16+hsOM=
github.com/bitly/go-simplejson v0.5.0 h1:6IH+V8/tVMab511d5bn4M7EwGXZf9Hj6i2xSwkNEM+Y=
github.com/cespare/xxhash/v2 v2.1.2 h1:YRXhKfTDauu4ajMg1TPgFO5jnlC2HCbmLXMcTG5cbYE=
github.com/cockroachdb/apd v1.1.0 h1:3LFP3629v+1aKXU5Q37mxmRxX/pIu1nijXydLShEq5I=
github.com/davecgh/go-spew v1.1.1 h1:vj9j/u1bqnvCEfJOwUhtlOARqs3+rkHYY13jYWTU97c=
github.com/dgryski/go-rendezvous v0.0.0-20200823014737-9f7001d12a5f h1:lO4WD4F/rVNCu3HqELle0jiPLLBs70cWOduZpkS1E78=
github.com/dlclark/regexp2 v1.7.0 h1:7lJfhqlPssTb1WQx4yvTHN0uElPEv52sbaECrAQxjAo=
github.com/dop251/goja v0.0.0-20221115122301-6c0d9883792e h1:Uo51nR73BJlci20AE5tXT5qiLSGZy5LHnRlKt7VkcUM=
github.com/fsnotify/fsnotify v1.6.0 h1:n+5WquG0fcWoWp6xPWfHdbskMCQaFnG6PfBrh1Ky4HY=
github.com/getsentry/sentry-go v0.15.0 h1:CP9bmA7pralrVUedYZsmIHWpq/pBtXTSew7xvVpfLaA=
github.com/go-errors/errors v1.4.2 h1:J6MZopCL4uSllY1OfXM374weqZFFItUbrImctkmUxIA=
github.com/go-logr/logr v1.2.3 h1:2DntVwHkVopvECVRSlL5PSo9eG+cAkDCuckLubN+rq0=
github.com/go-redis/redis/v9 v9.0.0-rc.2 h1:IN1eI8AvJJeWHjMW/hlFAv2sAfvTun2DVksDDJ3a6a0=
github.com/go-sourcemap/sourcemap v2.1.3+incompatible h1:W1iEw64niKVGogNgBN3ePyLFfuisuzeidWPMPWmECqU=
github.com/go-task/slim-sprig v0.0.0-20210107165309-348f09dbbbc0 h1:p104kn46Q8WdvHunIJ9dAyjPVtrBPhSr3KT2yUst43I=
github.com/gofrs/uuid v4.0.0+incompatible h1:1SD/1F5pU8p29ybwgQSwpQk+mwdRrXCYuPhW6m+TnJw=
github.com/golang-jwt/jwt/v4 v4.4.2 h1:rcc4lwaZgFMCZ5jxF9ABolDcIHdBytAFgqFPbSJQAYs=
github.com/golang/mock v1.6.0 h1:ErTB+efbowRARo13NNdxyJji2egdxLGQhRaY+DUumQc=
github.com/golang/protobuf v1.5.2 h1:ROPKBNFfQgOUMifHyP+KYbvpjbdoFNs+aK7DXlji0Tw=
github.com/google/go-cmp v0.5.9 h1:O2Tfq5qg4qc4AmwVlvv0oLiVAGB7enBSJ2x2DqQFi38=
github.com/google/pprof v0.0.0-20221010195024-131d412537ea h1:R3VfsTXMMK4JCWZDdxScmnTzu9n9YRsDvguLis0U/b8=
github.com/guregu/null v4.0.0+incompatible h1:4zw0ckM7ECd6FNNddc3Fu4aty9nTlpkkzH7dPn4/4Gw=
github.com/hashicorp/errwrap v1.1.0 h1:OxrOeh75EUXMY8TBjag2fzXGZ40LB6IKw45YeGUDY2I=
github.com/hashicorp/go-multierror v1.1.1 h1:H5DkEtf6CXdFp0N0Em5UCwQpXMWke8IA0+lD48awMYo=
github.com/imroc/req/v3 v3.25.0 h1:W3hFvD4PB8nNySxHuESbEuU2sY2/oBi14q2mlOlo+U8=
github.com/jackc/chunkreader/v2 v2.0.1 h1:i+RDz65UE+mmpjTfyz0MoVTnzeYxroil2G82ki7MGG8=
github.com/jackc/pgconn v1.13.0 h1:3L1XMNV2Zvca/8BYhzcRFS70Lr0WlDg16Di6SFGAbys=
github.com/jackc/pgio v1.0.0 h1:g12B9UwVnzGhueNavwioyEEpAmqMe1E/BN9ES+8ovkE=
github.com/jackc/pgmock v0.0.0-20210724152146-4ad1a8207f65 h1:DadwsjnMwFjfWc9y5Wi/+Zz7xoE5ALHsRQlOctkOiHc=
github.com/jackc/pgpassfile v1.0.0 h1:/6Hmqy13Ss2zCq62VdNG8tM1wchn8zjSGOBJ6icpsIM=
github.com/jackc/pgproto3/v2 v2.3.1 h1:nwj7qwf0S+Q7ISFfBndqeLwSwxs+4DPsbRFjECT1Y4Y=
github.com/jackc/pgservicefile v0.0.0-20200714003250-2b9c44734f2b h1:C8S2+VttkHFdOOCXJe+YGfa4vHYwlt4Zx+IVXQ97jYg=
github.com/jackc/pgtype v1.12.0 h1:Dlq8Qvcch7kiehm8wPGIW0W3KsCCHJnRacKW0UM8n5w=
github.com/jackc/pgx/v4 v4.17.2 h1:0Ut0rpeKwvIVbMQ1KbMBU4h6wxehBI535LK6Flheh8E=
github.com/jinzhu/inflection v1.0.0 h1:K317FqzuhWc8YvSVlFMCCUb36O/S9MCKRDI7QkRKD/E=
github.com/jinzhu/now v1.1.5 h1:/o9tlHleP7gOFmsnYNz3RGnqzefHA47wQpKrrdTIwXQ=
github.com/joho/godotenv v1.4.0 h1:3l4+N6zfMWnkbPEXKng2o2/MR5mSwTrBih4ZEkkz1lg=
github.com/kelseyhightower/envconfig v1.4.0 h1:Im6hONhd3pLkfDFsbRgu68RDNkGF1r3dvMUtDTo2cv8=
github.com/kr/pretty v0.3.1 h1:flRD4NNwYAUpkphVc1HcthR4KEIFJ65n8Mw5qdRn3LE=
github.com/kr/text v0.2.0 h1:5Nx0Ya0ZqY2ygV366QzturHI13Jq95ApcVaJBhpS+AY=
github.com/leighmacdonald/steamid/v2 v2.2.0 h1:bQFV6+D3pJN9t9Yh82hIKxCiGwz0nZF5LOSW9GcoHvg=
github.com/lib/pq v1.10.7 h1:p7ZhMD+KsSRozJr34udlUrhboJwWAgCg34+/ZZNvZZw=
github.com/lucas-clemente/quic-go v0.30.0 h1:nwLW0h8ahVQ5EPTIM7uhl/stHqQDea15oRlYKZmw2O0=
github.com/marten-seemann/qpack v0.3.0 h1:UiWstOgT8+znlkDPOg2+3rIuYXJ2CnGDkGUXN6ki6hE=
github.com/marten-seemann/qtls-go1-16 v0.1.5 h1:o9JrYPPco/Nukd/HpOHMHZoBDXQqoNtUCmny98/1uqQ=
github.com/marten-seemann/qtls-go1-17 v0.1.2 h1:JADBlm0LYiVbuSySCHeY863dNkcpMmDR7s0bLKJeYlQ=
github.com/marten-seemann/qtls-go1-18 v0.1.3 h1:R4H2Ks8P6pAtUagjFty2p7BVHn3XiwDAl7TTQf5h7TI=
github.com/marten-seemann/qtls-go1-19 v0.1.1 h1:mnbxeq3oEyQxQXwI4ReCgW9DPoPR94sNlqWoDZnjRIE=
github.com/matttproud/golang_protobuf_extensions v1.0.1 h1:4hp9jkHxhMHkqkrB3Ix0jegS5sx/RkqARlsWZ6pIwiU=
github.com/nxadm/tail v1.4.8 h1:nPr65rt6Y5JFSKQO7qToXr7pePgD6Gwiw05lkbyAQTE=
github.com/onsi/ginkgo v1.16.5 h1:8xi0RTUf59SOSfEtZMvwTvXYMzG4gV23XVHOZiXNtnE=
github.com/onsi/ginkgo/v2 v2.5.0 h1:TRtrvv2vdQqzkwrQ1ke6vtXf7IK34RBUJafIy1wMwls=
github.com/onsi/gomega v1.24.1 h1:KORJXNNTzJXzu4ScJWssJfJMnJ+2QJqhoQSRwNlze9E=
github.com/pingcap/errors v0.11.4 h1:lFuQV/oaUMGcD2tqt+01ROSmJs75VG1ToEOkZIZ4nE4=
github.com/pkg/errors v0.9.1 h1:FEBLx1zS214owpjy7qsBeixbURkuhQAwrK5UwLGTwt4=
github.com/pmezard/go-difflib v1.0.0 h1:4DBwDE0NGyQoBHbLQYPwSUPoCMWR5BEzIk/f1lZbAQM=
github.com/prometheus/client_golang v1.14.0 h1:nJdhIvne2eSX/XRAFV9PcvFFRbrjbcTUj0VP62TMhnw=
github.com/prometheus/client_model v0.3.0 h1:UBgGFHqYdG/TPFD1B1ogZywDqEkwp3fBMvqdiQ7Xew4=
github.com/prometheus/common v0.37.0 h1:ccBbHCgIiT9uSoFY0vX8H3zsNR5eLt17/RQLUvn8pXE=
github.com/prometheus/procfs v0.8.0 h1:ODq8ZFEaYeCaZOJlZZdJA2AbQR98dSHSM1KW/You5mo=
github.com/rogpeppe/go-internal v1.9.0 h1:73kH8U+JUqXU8lRuOHeVHaa/SZPifC7BkcraZVejAe8=
github.com/samber/do v1.5.1 h1:32/S8RgoKYa2wpf8TrakzyOFj0C/QQV4df09x1nza7I=
github.com/samber/lo v1.36.0 h1:4LaOxH1mHnbDGhTVE0i1z8v/lWaQW8AIfOD3HU4mSaw=
github.com/satont/go-helix/v2 v2.7.22 h1:zng0aHnHo01roYqTi4vQzQJUpWgAIEAZl890yCU6260=
github.com/satori/go.uuid v1.2.0 h1:0uYX9dsZ2yD7q2RtLRtPSdGDWzjeM3TbMJP9utgA0ww=
github.com/shkh/lastfm-go v0.0.0-20191215035245-89a801c244e0 h1:cgqwZtnR+IQfUYDLJ3Kiy4aE+O/wExTzEIg8xwC4Qfs=
github.com/shopspring/decimal v1.2.0 h1:abSATXmQEYyShuxI4/vyW3tV1MrKAJzCZ/0zLUXYbsQ=
github.com/stretchr/testify v1.8.1 h1:w7B6lhMri9wdJUVmEZPGGhZzrYTPvgJArz7wNPgYKsk=
github.com/thoas/go-funk v0.9.1 h1:O549iLZqPpTUQ10ykd26sZhzD+rmR5pWhuElrhbC20M=
go.uber.org/atomic v1.10.0 h1:9qC72Qh0+3MqyJbAn8YU5xVq1frD8bn3JtD2oXtafVQ=
go.uber.org/goleak v1.1.12 h1:gZAh5/EyT/HQwlpkCy6wTpqfH9H8Lz8zbm3dZh+OyzA=
go.uber.org/multierr v1.8.0 h1:dg6GjLku4EH+249NNmoIciG9N/jURbDG+pFlTkhzIC8=
go.uber.org/zap v1.23.0 h1:OjGQ5KQDEUawVHxNwQgPpiypGHOxo2mNZsOqTak4fFY=
golang.org/x/crypto v0.1.0 h1:MDRAIl0xIo9Io2xV565hzXHw3zVseKrJKodhohM5CjU=
golang.org/x/exp v0.0.0-20221028150844-83b7d23a625f h1:Al51T6tzvuh3oiwX11vex3QgJ2XTedFPGmbEVh8cdoc=
golang.org/x/mod v0.6.0 h1:b9gGHsz9/HhJ3HF5DHQytPpuwocVTChQJK3AvoLRD5I=
golang.org/x/net v0.2.0 h1:sZfSu1wtKLGlWI4ZZayP0ck9Y73K1ynO6gqzTdBVdPU=
golang.org/x/sys v0.2.0 h1:ljd4t30dBnAvMZaQCevtY0xLLD0A+bRZXbgLMLU1F/A=
golang.org/x/text v0.4.0 h1:BrVqGRd7+k1DiOgtnFvAkoQEWQvBc25ouMJM6429SFg=
golang.org/x/tools v0.2.0 h1:G6AHpWxTMGY1KyEYoAQ5WTtIekUUvDNjan3ugu60JvE=
google.golang.org/genproto v0.0.0-20221024183307-1bc688fe9f3e h1:S9GbmC1iCgvbLyAokVCwiO6tVIrU9Y7c5oMx1V/ki/Y=
google.golang.org/grpc v1.51.0 h1:E1eGv1FTqoLIdnBCZufiSHgKjlqG6fKFf6pPWtMTh8U=
google.golang.org/protobuf v1.28.1 h1:d0NfwRgPtno5B1Wa6L2DAG+KivqkdutMf1UhdNx175w=
gopkg.in/check.v1 v1.0.0-20201130134442-10cb98267c6c h1:Hei/4ADfdWqJk1ZMxUNpqntNwaWcugrBjAiHlqqRiVk=
gopkg.in/tomb.v1 v1.0.0-20141024135613-dd632973f1e7 h1:uRGJdciOHaEIrze2W8Q3AKkepLTh2hOroT7a+7czfdQ=
gopkg.in/yaml.v2 v2.4.0 h1:D8xgwECY7CYvx+Y2n4sBz93Jn9JRvxdiyyo8CTfuKaY=
gopkg.in/yaml.v3 v3.0.1 h1:fxVm/GzAzEWqLHuvctI91KS9hhNmmWOoWu0XTYJS7CA=
gorm.io/driver/postgres v1.4.5 h1:mTeXTTtHAgnS9PgmhN2YeUbazYpLhUI1doLnw42XUZc=
gorm.io/gorm v1.24.1 h1:CgvzRniUdG67hBAzsxDGOAuq4Te1osVMYsa1eQbd4fs=
